
Microsoft Visual Studio Solution File, Format Version 12.00
Project("{FAE04EC0-301F-11D3-BF4B-00C04F79EFBC}") = "PingPong", "PingPong\PingPong.csproj", "{58BD3B83-E3C4-4ED5-BEDD-896E5CDD484D}"
EndProject
Global
	GlobalSection(SolutionConfigurationPlatforms) = preSolution
		Debug|Any CPU = Debug|Any CPU
		Release|Any CPU = Release|Any CPU
	EndGlobalSection
	GlobalSection(ProjectConfigurationPlatforms) = postSolution
		{58BD3B83-E3C4-4ED5-BEDD-896E5CDD484D}.Debug|Any CPU.ActiveCfg = Debug|Any CPU
		{58BD3B83-E3C4-4ED5-BEDD-896E5CDD484D}.Debug|Any CPU.Build.0 = Debug|Any CPU
		{58BD3B83-E3C4-4ED5-BEDD-896E5CDD484D}.Release|Any CPU.ActiveCfg = Release|Any CPU
		{58BD3B83-E3C4-4ED5-BEDD-896E5CDD484D}.Release|Any CPU.Build.0 = Release|Any CPU
	EndGlobalSection
EndGlobal
